
Microsoft Visual Studio Solution File, Format Version 11.00
# Visual Studio 2010
Project("{FAE04EC0-301F-11D3-BF4B-00C04F79EFBC}") = "LerBlogMinutoSeguros", "LerBlogMinutosSeguros\LerBlogMinutoSeguros.csproj", "{7F61056A-758B-4D31-B674-31E8A5128D38}"
EndProject
Global
	GlobalSection(SolutionConfigurationPlatforms) = preSolution
		Debug|Any CPU = Debug|Any CPU
		Release|Any CPU = Release|Any CPU
	EndGlobalSection
	GlobalSection(ProjectConfigurationPlatforms) = postSolution
		{7F61056A-758B-4D31-B674-31E8A5128D38}.Debug|Any CPU.ActiveCfg = Debug|Any CPU
		{7F61056A-758B-4D31-B674-31E8A5128D38}.Debug|Any CPU.Build.0 = Debug|Any CPU
		{7F61056A-758B-4D31-B674-31E8A5128D38}.Release|Any CPU.ActiveCfg = Release|Any CPU
		{7F61056A-758B-4D31-B674-31E8A5128D38}.Release|Any CPU.Build.0 = Release|Any CPU
	EndGlobalSection
	GlobalSection(SolutionProperties) = preSolution
		HideSolutionNode = FALSE
	EndGlobalSection
EndGlobal
